
Microsoft Visual Studio Solution File, Format Version 12.00
# Visual Studio Version 17
VisualStudioVersion = 17.4.33205.214
MinimumVisualStudioVersion = 10.0.40219.1
Project("{FAE04EC0-301F-11D3-BF4B-00C04F79EFBC}") = "BookShop_WinForms", "BookShop_WinForms\BookShop_WinForms.csproj", "{08056A80-C396-4065-B3C7-D7BDB44E268E}"
EndProject
Global
	GlobalSection(SolutionConfigurationPlatforms) = preSolution
		Debug|Any CPU = Debug|Any CPU
		Release|Any CPU = Release|Any CPU
	EndGlobalSection
	GlobalSection(ProjectConfigurationPlatforms) = postSolution
		{08056A80-C396-4065-B3C7-D7BDB44E268E}.Debug|Any CPU.ActiveCfg = Debug|Any CPU
		{08056A80-C396-4065-B3C7-D7BDB44E268E}.Debug|Any CPU.Build.0 = Debug|Any CPU
		{08056A80-C396-4065-B3C7-D7BDB44E268E}.Release|Any CPU.ActiveCfg = Release|Any CPU
		{08056A80-C396-4065-B3C7-D7BDB44E268E}.Release|Any CPU.Build.0 = Release|Any CPU
	EndGlobalSection
	GlobalSection(SolutionProperties) = preSolution
		HideSolutionNode = FALSE
	EndGlobalSection
	GlobalSection(ExtensibilityGlobals) = postSolution
		SolutionGuid = {6FD45884-4870-4849-B4E3-BB233CAD129D}
	EndGlobalSection
EndGlobal
